
Microsoft Visual Studio Solution File, Format Version 12.00
# Visual Studio Version 17
VisualStudioVersion = 17.0.32126.317
MinimumVisualStudioVersion = 10.0.40219.1
Project("{FAE04EC0-301F-11D3-BF4B-00C04F79EFBC}") = "AppWhile", "AppWhile\AppWhile.csproj", "{1195E62C-343B-4186-933C-1CDF0F884AB3}"
EndProject
Global
	GlobalSection(SolutionConfigurationPlatforms) = preSolution
		Debug|Any CPU = Debug|Any CPU
		Release|Any CPU = Release|Any CPU
	EndGlobalSection
	GlobalSection(ProjectConfigurationPlatforms) = postSolution
		{1195E62C-343B-4186-933C-1CDF0F884AB3}.Debug|Any CPU.ActiveCfg = Debug|Any CPU
		{1195E62C-343B-4186-933C-1CDF0F884AB3}.Debug|Any CPU.Build.0 = Debug|Any CPU
		{1195E62C-343B-4186-933C-1CDF0F884AB3}.Release|Any CPU.ActiveCfg = Release|Any CPU
		{1195E62C-343B-4186-933C-1CDF0F884AB3}.Release|Any CPU.Build.0 = Release|Any CPU
	EndGlobalSection
	GlobalSection(SolutionProperties) = preSolution
		HideSolutionNode = FALSE
	EndGlobalSection
	GlobalSection(ExtensibilityGlobals) = postSolution
		SolutionGuid = {29A73AC3-E62E-4755-BF42-9262BA5E4B66}
	EndGlobalSection
EndGlobal
