
Microsoft Visual Studio Solution File, Format Version 12.00
# Visual Studio Version 17
VisualStudioVersion = 17.0.32126.317
MinimumVisualStudioVersion = 10.0.40219.1
Project("{FAE04EC0-301F-11D3-BF4B-00C04F79EFBC}") = "AppSentenciaFOR2", "AppSentenciaFOR2\AppSentenciaFOR2.csproj", "{F4460CBC-C4D2-4934-80D6-D2503E636359}"
EndProject
Global
	GlobalSection(SolutionConfigurationPlatforms) = preSolution
		Debug|Any CPU = Debug|Any CPU
		Release|Any CPU = Release|Any CPU
	EndGlobalSection
	GlobalSection(ProjectConfigurationPlatforms) = postSolution
		{F4460CBC-C4D2-4934-80D6-D2503E636359}.Debug|Any CPU.ActiveCfg = Debug|Any CPU
		{F4460CBC-C4D2-4934-80D6-D2503E636359}.Debug|Any CPU.Build.0 = Debug|Any CPU
		{F4460CBC-C4D2-4934-80D6-D2503E636359}.Release|Any CPU.ActiveCfg = Release|Any CPU
		{F4460CBC-C4D2-4934-80D6-D2503E636359}.Release|Any CPU.Build.0 = Release|Any CPU
	EndGlobalSection
	GlobalSection(SolutionProperties) = preSolution
		HideSolutionNode = FALSE
	EndGlobalSection
	GlobalSection(ExtensibilityGlobals) = postSolution
		SolutionGuid = {090B392D-5C11-491D-B3AB-2EFE588EA676}
	EndGlobalSection
EndGlobal
